
Microsoft Visual Studio Solution File, Format Version 12.00
# Visual Studio 15
VisualStudioVersion = 15.0.27703.2047
MinimumVisualStudioVersion = 10.0.40219.1
Project("{FAE04EC0-301F-11D3-BF4B-00C04F79EFBC}") = "uri1003", "uri1003\uri1003.csproj", "{24BA5C6A-723C-4D19-A735-B248A9AD10F2}"
EndProject
Global
	GlobalSection(SolutionConfigurationPlatforms) = preSolution
		Debug|Any CPU = Debug|Any CPU
		Release|Any CPU = Release|Any CPU
	EndGlobalSection
	GlobalSection(ProjectConfigurationPlatforms) = postSolution
		{24BA5C6A-723C-4D19-A735-B248A9AD10F2}.Debug|Any CPU.ActiveCfg = Debug|Any CPU
		{24BA5C6A-723C-4D19-A735-B248A9AD10F2}.Debug|Any CPU.Build.0 = Debug|Any CPU
		{24BA5C6A-723C-4D19-A735-B248A9AD10F2}.Release|Any CPU.ActiveCfg = Release|Any CPU
		{24BA5C6A-723C-4D19-A735-B248A9AD10F2}.Release|Any CPU.Build.0 = Release|Any CPU
	EndGlobalSection
	GlobalSection(SolutionProperties) = preSolution
		HideSolutionNode = FALSE
	EndGlobalSection
	GlobalSection(ExtensibilityGlobals) = postSolution
		SolutionGuid = {6221E0C8-FF37-4095-915B-B90AFCDEA75F}
	EndGlobalSection
EndGlobal
