
Microsoft Visual Studio Solution File, Format Version 12.00
# Visual Studio 15
VisualStudioVersion = 15.0.27703.2047
MinimumVisualStudioVersion = 10.0.40219.1
Project("{FAE04EC0-301F-11D3-BF4B-00C04F79EFBC}") = "uri1049", "uri1049\uri1049.csproj", "{80BC48DF-1D2A-4E90-8166-6556555C2747}"
EndProject
Global
	GlobalSection(SolutionConfigurationPlatforms) = preSolution
		Debug|Any CPU = Debug|Any CPU
		Release|Any CPU = Release|Any CPU
	EndGlobalSection
	GlobalSection(ProjectConfigurationPlatforms) = postSolution
		{80BC48DF-1D2A-4E90-8166-6556555C2747}.Debug|Any CPU.ActiveCfg = Debug|Any CPU
		{80BC48DF-1D2A-4E90-8166-6556555C2747}.Debug|Any CPU.Build.0 = Debug|Any CPU
		{80BC48DF-1D2A-4E90-8166-6556555C2747}.Release|Any CPU.ActiveCfg = Release|Any CPU
		{80BC48DF-1D2A-4E90-8166-6556555C2747}.Release|Any CPU.Build.0 = Release|Any CPU
	EndGlobalSection
	GlobalSection(SolutionProperties) = preSolution
		HideSolutionNode = FALSE
	EndGlobalSection
	GlobalSection(ExtensibilityGlobals) = postSolution
		SolutionGuid = {152417FF-7011-4AE9-BF34-93446189D995}
	EndGlobalSection
EndGlobal
