
Microsoft Visual Studio Solution File, Format Version 12.00
# Visual Studio 15
VisualStudioVersion = 15.0.27703.2047
MinimumVisualStudioVersion = 10.0.40219.1
Project("{FAE04EC0-301F-11D3-BF4B-00C04F79EFBC}") = "vetor9", "vetor9\vetor9.csproj", "{246A7822-A545-4B85-8651-689C1AEB7BF5}"
EndProject
Global
	GlobalSection(SolutionConfigurationPlatforms) = preSolution
		Debug|Any CPU = Debug|Any CPU
		Release|Any CPU = Release|Any CPU
	EndGlobalSection
	GlobalSection(ProjectConfigurationPlatforms) = postSolution
		{246A7822-A545-4B85-8651-689C1AEB7BF5}.Debug|Any CPU.ActiveCfg = Debug|Any CPU
		{246A7822-A545-4B85-8651-689C1AEB7BF5}.Debug|Any CPU.Build.0 = Debug|Any CPU
		{246A7822-A545-4B85-8651-689C1AEB7BF5}.Release|Any CPU.ActiveCfg = Release|Any CPU
		{246A7822-A545-4B85-8651-689C1AEB7BF5}.Release|Any CPU.Build.0 = Release|Any CPU
	EndGlobalSection
	GlobalSection(SolutionProperties) = preSolution
		HideSolutionNode = FALSE
	EndGlobalSection
	GlobalSection(ExtensibilityGlobals) = postSolution
		SolutionGuid = {BF13497B-9A96-432B-8C35-100B740E0136}
	EndGlobalSection
EndGlobal
