
Microsoft Visual Studio Solution File, Format Version 12.00
# Visual Studio 15
VisualStudioVersion = 15.0.27703.2047
MinimumVisualStudioVersion = 10.0.40219.1
Project("{FAE04EC0-301F-11D3-BF4B-00C04F79EFBC}") = "uri1115", "uri1115\uri1115.csproj", "{0D358693-D0B4-4369-89FE-375EF5F68A2A}"
EndProject
Global
	GlobalSection(SolutionConfigurationPlatforms) = preSolution
		Debug|Any CPU = Debug|Any CPU
		Release|Any CPU = Release|Any CPU
	EndGlobalSection
	GlobalSection(ProjectConfigurationPlatforms) = postSolution
		{0D358693-D0B4-4369-89FE-375EF5F68A2A}.Debug|Any CPU.ActiveCfg = Debug|Any CPU
		{0D358693-D0B4-4369-89FE-375EF5F68A2A}.Debug|Any CPU.Build.0 = Debug|Any CPU
		{0D358693-D0B4-4369-89FE-375EF5F68A2A}.Release|Any CPU.ActiveCfg = Release|Any CPU
		{0D358693-D0B4-4369-89FE-375EF5F68A2A}.Release|Any CPU.Build.0 = Release|Any CPU
	EndGlobalSection
	GlobalSection(SolutionProperties) = preSolution
		HideSolutionNode = FALSE
	EndGlobalSection
	GlobalSection(ExtensibilityGlobals) = postSolution
		SolutionGuid = {DE83A060-61A6-45D2-B2C3-CCD5CDD03467}
	EndGlobalSection
EndGlobal
