
Microsoft Visual Studio Solution File, Format Version 12.00
# Visual Studio 15
VisualStudioVersion = 15.0.27703.2047
MinimumVisualStudioVersion = 10.0.40219.1
Project("{FAE04EC0-301F-11D3-BF4B-00C04F79EFBC}") = "uri1011", "uri1011\uri1011.csproj", "{1F1C5B0E-42F7-46EC-B2F6-3CDD9A2B562B}"
EndProject
Global
	GlobalSection(SolutionConfigurationPlatforms) = preSolution
		Debug|Any CPU = Debug|Any CPU
		Release|Any CPU = Release|Any CPU
	EndGlobalSection
	GlobalSection(ProjectConfigurationPlatforms) = postSolution
		{1F1C5B0E-42F7-46EC-B2F6-3CDD9A2B562B}.Debug|Any CPU.ActiveCfg = Debug|Any CPU
		{1F1C5B0E-42F7-46EC-B2F6-3CDD9A2B562B}.Debug|Any CPU.Build.0 = Debug|Any CPU
		{1F1C5B0E-42F7-46EC-B2F6-3CDD9A2B562B}.Release|Any CPU.ActiveCfg = Release|Any CPU
		{1F1C5B0E-42F7-46EC-B2F6-3CDD9A2B562B}.Release|Any CPU.Build.0 = Release|Any CPU
	EndGlobalSection
	GlobalSection(SolutionProperties) = preSolution
		HideSolutionNode = FALSE
	EndGlobalSection
	GlobalSection(ExtensibilityGlobals) = postSolution
		SolutionGuid = {8FFF0DAF-1CCA-4DF4-9560-238BD129EEFB}
	EndGlobalSection
EndGlobal
