
Microsoft Visual Studio Solution File, Format Version 12.00
# Visual Studio 15
VisualStudioVersion = 15.0.27703.2047
MinimumVisualStudioVersion = 10.0.40219.1
Project("{FAE04EC0-301F-11D3-BF4B-00C04F79EFBC}") = "uri1113", "uri1113\uri1113.csproj", "{5943C3A8-D828-42E1-A479-CE04715517EE}"
EndProject
Global
	GlobalSection(SolutionConfigurationPlatforms) = preSolution
		Debug|Any CPU = Debug|Any CPU
		Release|Any CPU = Release|Any CPU
	EndGlobalSection
	GlobalSection(ProjectConfigurationPlatforms) = postSolution
		{5943C3A8-D828-42E1-A479-CE04715517EE}.Debug|Any CPU.ActiveCfg = Debug|Any CPU
		{5943C3A8-D828-42E1-A479-CE04715517EE}.Debug|Any CPU.Build.0 = Debug|Any CPU
		{5943C3A8-D828-42E1-A479-CE04715517EE}.Release|Any CPU.ActiveCfg = Release|Any CPU
		{5943C3A8-D828-42E1-A479-CE04715517EE}.Release|Any CPU.Build.0 = Release|Any CPU
	EndGlobalSection
	GlobalSection(SolutionProperties) = preSolution
		HideSolutionNode = FALSE
	EndGlobalSection
	GlobalSection(ExtensibilityGlobals) = postSolution
		SolutionGuid = {2AD82D2E-ED6B-49F2-9E5A-6A58119FC01C}
	EndGlobalSection
EndGlobal
