
Microsoft Visual Studio Solution File, Format Version 12.00
# Visual Studio 15
VisualStudioVersion = 15.0.27703.2047
MinimumVisualStudioVersion = 10.0.40219.1
Project("{FAE04EC0-301F-11D3-BF4B-00C04F79EFBC}") = "uri1010", "uri1010\uri1010.csproj", "{E4F9EC23-77A2-46B0-AD68-725B8FE2C817}"
EndProject
Global
	GlobalSection(SolutionConfigurationPlatforms) = preSolution
		Debug|Any CPU = Debug|Any CPU
		Release|Any CPU = Release|Any CPU
	EndGlobalSection
	GlobalSection(ProjectConfigurationPlatforms) = postSolution
		{E4F9EC23-77A2-46B0-AD68-725B8FE2C817}.Debug|Any CPU.ActiveCfg = Debug|Any CPU
		{E4F9EC23-77A2-46B0-AD68-725B8FE2C817}.Debug|Any CPU.Build.0 = Debug|Any CPU
		{E4F9EC23-77A2-46B0-AD68-725B8FE2C817}.Release|Any CPU.ActiveCfg = Release|Any CPU
		{E4F9EC23-77A2-46B0-AD68-725B8FE2C817}.Release|Any CPU.Build.0 = Release|Any CPU
	EndGlobalSection
	GlobalSection(SolutionProperties) = preSolution
		HideSolutionNode = FALSE
	EndGlobalSection
	GlobalSection(ExtensibilityGlobals) = postSolution
		SolutionGuid = {AE56D2CD-DB37-4902-97F7-9C123BA11817}
	EndGlobalSection
EndGlobal
