
Microsoft Visual Studio Solution File, Format Version 12.00
# Visual Studio 15
VisualStudioVersion = 15.0.27703.2047
MinimumVisualStudioVersion = 10.0.40219.1
Project("{FAE04EC0-301F-11D3-BF4B-00C04F79EFBC}") = "uri1078", "uri1078\uri1078.csproj", "{01BA825F-637C-4E19-99B7-F956A20BC5C7}"
EndProject
Global
	GlobalSection(SolutionConfigurationPlatforms) = preSolution
		Debug|Any CPU = Debug|Any CPU
		Release|Any CPU = Release|Any CPU
	EndGlobalSection
	GlobalSection(ProjectConfigurationPlatforms) = postSolution
		{01BA825F-637C-4E19-99B7-F956A20BC5C7}.Debug|Any CPU.ActiveCfg = Debug|Any CPU
		{01BA825F-637C-4E19-99B7-F956A20BC5C7}.Debug|Any CPU.Build.0 = Debug|Any CPU
		{01BA825F-637C-4E19-99B7-F956A20BC5C7}.Release|Any CPU.ActiveCfg = Release|Any CPU
		{01BA825F-637C-4E19-99B7-F956A20BC5C7}.Release|Any CPU.Build.0 = Release|Any CPU
	EndGlobalSection
	GlobalSection(SolutionProperties) = preSolution
		HideSolutionNode = FALSE
	EndGlobalSection
	GlobalSection(ExtensibilityGlobals) = postSolution
		SolutionGuid = {96288D96-FE7F-44AC-8D80-9358A6636209}
	EndGlobalSection
EndGlobal
