
Microsoft Visual Studio Solution File, Format Version 12.00
# Visual Studio 15
VisualStudioVersion = 15.0.27703.2047
MinimumVisualStudioVersion = 10.0.40219.1
Project("{FAE04EC0-301F-11D3-BF4B-00C04F79EFBC}") = "uri1117", "uri1117\uri1117.csproj", "{AEC20376-CA86-4896-A723-6590739F13CC}"
EndProject
Global
	GlobalSection(SolutionConfigurationPlatforms) = preSolution
		Debug|Any CPU = Debug|Any CPU
		Release|Any CPU = Release|Any CPU
	EndGlobalSection
	GlobalSection(ProjectConfigurationPlatforms) = postSolution
		{AEC20376-CA86-4896-A723-6590739F13CC}.Debug|Any CPU.ActiveCfg = Debug|Any CPU
		{AEC20376-CA86-4896-A723-6590739F13CC}.Debug|Any CPU.Build.0 = Debug|Any CPU
		{AEC20376-CA86-4896-A723-6590739F13CC}.Release|Any CPU.ActiveCfg = Release|Any CPU
		{AEC20376-CA86-4896-A723-6590739F13CC}.Release|Any CPU.Build.0 = Release|Any CPU
	EndGlobalSection
	GlobalSection(SolutionProperties) = preSolution
		HideSolutionNode = FALSE
	EndGlobalSection
	GlobalSection(ExtensibilityGlobals) = postSolution
		SolutionGuid = {68C5176C-9D49-411D-8535-1372F8DB5C30}
	EndGlobalSection
EndGlobal
