
Microsoft Visual Studio Solution File, Format Version 12.00
# Visual Studio 15
VisualStudioVersion = 15.0.27703.2047
MinimumVisualStudioVersion = 10.0.40219.1
Project("{FAE04EC0-301F-11D3-BF4B-00C04F79EFBC}") = "matriz4", "matriz4\matriz4.csproj", "{AD058719-EB22-4997-8BC1-753634F46261}"
EndProject
Global
	GlobalSection(SolutionConfigurationPlatforms) = preSolution
		Debug|Any CPU = Debug|Any CPU
		Release|Any CPU = Release|Any CPU
	EndGlobalSection
	GlobalSection(ProjectConfigurationPlatforms) = postSolution
		{AD058719-EB22-4997-8BC1-753634F46261}.Debug|Any CPU.ActiveCfg = Debug|Any CPU
		{AD058719-EB22-4997-8BC1-753634F46261}.Debug|Any CPU.Build.0 = Debug|Any CPU
		{AD058719-EB22-4997-8BC1-753634F46261}.Release|Any CPU.ActiveCfg = Release|Any CPU
		{AD058719-EB22-4997-8BC1-753634F46261}.Release|Any CPU.Build.0 = Release|Any CPU
	EndGlobalSection
	GlobalSection(SolutionProperties) = preSolution
		HideSolutionNode = FALSE
	EndGlobalSection
	GlobalSection(ExtensibilityGlobals) = postSolution
		SolutionGuid = {970FB0D9-CA0F-4D6C-85B3-0CA93BA646E3}
	EndGlobalSection
EndGlobal
