
Microsoft Visual Studio Solution File, Format Version 12.00
# Visual Studio 15
VisualStudioVersion = 15.0.27703.2047
MinimumVisualStudioVersion = 10.0.40219.1
Project("{FAE04EC0-301F-11D3-BF4B-00C04F79EFBC}") = "cond01", "cond01\cond01.csproj", "{9FF0B290-F94F-4FB9-ABF3-A52EEDAA78EE}"
EndProject
Global
	GlobalSection(SolutionConfigurationPlatforms) = preSolution
		Debug|Any CPU = Debug|Any CPU
		Release|Any CPU = Release|Any CPU
	EndGlobalSection
	GlobalSection(ProjectConfigurationPlatforms) = postSolution
		{9FF0B290-F94F-4FB9-ABF3-A52EEDAA78EE}.Debug|Any CPU.ActiveCfg = Debug|Any CPU
		{9FF0B290-F94F-4FB9-ABF3-A52EEDAA78EE}.Debug|Any CPU.Build.0 = Debug|Any CPU
		{9FF0B290-F94F-4FB9-ABF3-A52EEDAA78EE}.Release|Any CPU.ActiveCfg = Release|Any CPU
		{9FF0B290-F94F-4FB9-ABF3-A52EEDAA78EE}.Release|Any CPU.Build.0 = Release|Any CPU
	EndGlobalSection
	GlobalSection(SolutionProperties) = preSolution
		HideSolutionNode = FALSE
	EndGlobalSection
	GlobalSection(ExtensibilityGlobals) = postSolution
		SolutionGuid = {790A4891-33CC-478D-830B-22A240F62FC0}
	EndGlobalSection
EndGlobal
