
Microsoft Visual Studio Solution File, Format Version 12.00
# Visual Studio 15
VisualStudioVersion = 15.0.27703.2047
MinimumVisualStudioVersion = 10.0.40219.1
Project("{FAE04EC0-301F-11D3-BF4B-00C04F79EFBC}") = "uri1047", "uri1047\uri1047.csproj", "{C342E737-7028-4121-B1FB-1D11E30F46D3}"
EndProject
Global
	GlobalSection(SolutionConfigurationPlatforms) = preSolution
		Debug|Any CPU = Debug|Any CPU
		Release|Any CPU = Release|Any CPU
	EndGlobalSection
	GlobalSection(ProjectConfigurationPlatforms) = postSolution
		{C342E737-7028-4121-B1FB-1D11E30F46D3}.Debug|Any CPU.ActiveCfg = Debug|Any CPU
		{C342E737-7028-4121-B1FB-1D11E30F46D3}.Debug|Any CPU.Build.0 = Debug|Any CPU
		{C342E737-7028-4121-B1FB-1D11E30F46D3}.Release|Any CPU.ActiveCfg = Release|Any CPU
		{C342E737-7028-4121-B1FB-1D11E30F46D3}.Release|Any CPU.Build.0 = Release|Any CPU
	EndGlobalSection
	GlobalSection(SolutionProperties) = preSolution
		HideSolutionNode = FALSE
	EndGlobalSection
	GlobalSection(ExtensibilityGlobals) = postSolution
		SolutionGuid = {5CFEAA8B-F6C5-4B4B-9A9D-074D5507B039}
	EndGlobalSection
EndGlobal
