
Microsoft Visual Studio Solution File, Format Version 12.00
# Visual Studio 15
VisualStudioVersion = 15.0.27703.2047
MinimumVisualStudioVersion = 10.0.40219.1
Project("{FAE04EC0-301F-11D3-BF4B-00C04F79EFBC}") = "uri1012", "uri1012\uri1012.csproj", "{59B79180-5665-4450-85C1-80A05E0E52D3}"
EndProject
Global
	GlobalSection(SolutionConfigurationPlatforms) = preSolution
		Debug|Any CPU = Debug|Any CPU
		Release|Any CPU = Release|Any CPU
	EndGlobalSection
	GlobalSection(ProjectConfigurationPlatforms) = postSolution
		{59B79180-5665-4450-85C1-80A05E0E52D3}.Debug|Any CPU.ActiveCfg = Debug|Any CPU
		{59B79180-5665-4450-85C1-80A05E0E52D3}.Debug|Any CPU.Build.0 = Debug|Any CPU
		{59B79180-5665-4450-85C1-80A05E0E52D3}.Release|Any CPU.ActiveCfg = Release|Any CPU
		{59B79180-5665-4450-85C1-80A05E0E52D3}.Release|Any CPU.Build.0 = Release|Any CPU
	EndGlobalSection
	GlobalSection(SolutionProperties) = preSolution
		HideSolutionNode = FALSE
	EndGlobalSection
	GlobalSection(ExtensibilityGlobals) = postSolution
		SolutionGuid = {C2278D1C-E0A7-4D26-AD28-A828C314AF98}
	EndGlobalSection
EndGlobal
