
Microsoft Visual Studio Solution File, Format Version 12.00
# Visual Studio 15
VisualStudioVersion = 15.0.27703.2047
MinimumVisualStudioVersion = 10.0.40219.1
Project("{FAE04EC0-301F-11D3-BF4B-00C04F79EFBC}") = "uri1067", "uri1067\uri1067.csproj", "{A14B92FE-CE1C-4FF9-A2DE-88196F9999ED}"
EndProject
Global
	GlobalSection(SolutionConfigurationPlatforms) = preSolution
		Debug|Any CPU = Debug|Any CPU
		Release|Any CPU = Release|Any CPU
	EndGlobalSection
	GlobalSection(ProjectConfigurationPlatforms) = postSolution
		{A14B92FE-CE1C-4FF9-A2DE-88196F9999ED}.Debug|Any CPU.ActiveCfg = Debug|Any CPU
		{A14B92FE-CE1C-4FF9-A2DE-88196F9999ED}.Debug|Any CPU.Build.0 = Debug|Any CPU
		{A14B92FE-CE1C-4FF9-A2DE-88196F9999ED}.Release|Any CPU.ActiveCfg = Release|Any CPU
		{A14B92FE-CE1C-4FF9-A2DE-88196F9999ED}.Release|Any CPU.Build.0 = Release|Any CPU
	EndGlobalSection
	GlobalSection(SolutionProperties) = preSolution
		HideSolutionNode = FALSE
	EndGlobalSection
	GlobalSection(ExtensibilityGlobals) = postSolution
		SolutionGuid = {17D3A587-E1E4-4960-8518-7ABC6B5B91BC}
	EndGlobalSection
EndGlobal
