
Microsoft Visual Studio Solution File, Format Version 12.00
# Visual Studio 15
VisualStudioVersion = 15.0.27703.2047
MinimumVisualStudioVersion = 10.0.40219.1
Project("{FAE04EC0-301F-11D3-BF4B-00C04F79EFBC}") = "uri1035", "uri1035\uri1035.csproj", "{1A53771B-8657-48CE-8D68-29BB48A0A6A3}"
EndProject
Global
	GlobalSection(SolutionConfigurationPlatforms) = preSolution
		Debug|Any CPU = Debug|Any CPU
		Release|Any CPU = Release|Any CPU
	EndGlobalSection
	GlobalSection(ProjectConfigurationPlatforms) = postSolution
		{1A53771B-8657-48CE-8D68-29BB48A0A6A3}.Debug|Any CPU.ActiveCfg = Debug|Any CPU
		{1A53771B-8657-48CE-8D68-29BB48A0A6A3}.Debug|Any CPU.Build.0 = Debug|Any CPU
		{1A53771B-8657-48CE-8D68-29BB48A0A6A3}.Release|Any CPU.ActiveCfg = Release|Any CPU
		{1A53771B-8657-48CE-8D68-29BB48A0A6A3}.Release|Any CPU.Build.0 = Release|Any CPU
	EndGlobalSection
	GlobalSection(SolutionProperties) = preSolution
		HideSolutionNode = FALSE
	EndGlobalSection
	GlobalSection(ExtensibilityGlobals) = postSolution
		SolutionGuid = {FA251B8E-CE83-486C-8EE3-99E5ED54658C}
	EndGlobalSection
EndGlobal
