
Microsoft Visual Studio Solution File, Format Version 12.00
# Visual Studio 15
VisualStudioVersion = 15.0.27703.2047
MinimumVisualStudioVersion = 10.0.40219.1
Project("{FAE04EC0-301F-11D3-BF4B-00C04F79EFBC}") = "uri1019", "uri1019\uri1019.csproj", "{0581A478-E93E-4B86-8F41-9A2428FCDFE0}"
EndProject
Global
	GlobalSection(SolutionConfigurationPlatforms) = preSolution
		Debug|Any CPU = Debug|Any CPU
		Release|Any CPU = Release|Any CPU
	EndGlobalSection
	GlobalSection(ProjectConfigurationPlatforms) = postSolution
		{0581A478-E93E-4B86-8F41-9A2428FCDFE0}.Debug|Any CPU.ActiveCfg = Debug|Any CPU
		{0581A478-E93E-4B86-8F41-9A2428FCDFE0}.Debug|Any CPU.Build.0 = Debug|Any CPU
		{0581A478-E93E-4B86-8F41-9A2428FCDFE0}.Release|Any CPU.ActiveCfg = Release|Any CPU
		{0581A478-E93E-4B86-8F41-9A2428FCDFE0}.Release|Any CPU.Build.0 = Release|Any CPU
	EndGlobalSection
	GlobalSection(SolutionProperties) = preSolution
		HideSolutionNode = FALSE
	EndGlobalSection
	GlobalSection(ExtensibilityGlobals) = postSolution
		SolutionGuid = {925CFF1E-01D5-4DA1-AF2F-DF381C472047}
	EndGlobalSection
EndGlobal
