
Microsoft Visual Studio Solution File, Format Version 12.00
# Visual Studio 15
VisualStudioVersion = 15.0.27703.2047
MinimumVisualStudioVersion = 10.0.40219.1
Project("{FAE04EC0-301F-11D3-BF4B-00C04F79EFBC}") = "uri1080", "uri1080\uri1080.csproj", "{0108ADBA-4C20-4FE0-9B12-213E5DA3DE59}"
EndProject
Global
	GlobalSection(SolutionConfigurationPlatforms) = preSolution
		Debug|Any CPU = Debug|Any CPU
		Release|Any CPU = Release|Any CPU
	EndGlobalSection
	GlobalSection(ProjectConfigurationPlatforms) = postSolution
		{0108ADBA-4C20-4FE0-9B12-213E5DA3DE59}.Debug|Any CPU.ActiveCfg = Debug|Any CPU
		{0108ADBA-4C20-4FE0-9B12-213E5DA3DE59}.Debug|Any CPU.Build.0 = Debug|Any CPU
		{0108ADBA-4C20-4FE0-9B12-213E5DA3DE59}.Release|Any CPU.ActiveCfg = Release|Any CPU
		{0108ADBA-4C20-4FE0-9B12-213E5DA3DE59}.Release|Any CPU.Build.0 = Release|Any CPU
	EndGlobalSection
	GlobalSection(SolutionProperties) = preSolution
		HideSolutionNode = FALSE
	EndGlobalSection
	GlobalSection(ExtensibilityGlobals) = postSolution
		SolutionGuid = {438ABD93-0FAD-4C01-923D-3FBA09CAC039}
	EndGlobalSection
EndGlobal
