
Microsoft Visual Studio Solution File, Format Version 12.00
# Visual Studio 15
VisualStudioVersion = 15.0.27703.2047
MinimumVisualStudioVersion = 10.0.40219.1
Project("{FAE04EC0-301F-11D3-BF4B-00C04F79EFBC}") = "matriz-desafio2", "matriz-desafio2\matriz-desafio2.csproj", "{4AC546D9-7CC9-403D-BAE2-E5579876E4AF}"
EndProject
Global
	GlobalSection(SolutionConfigurationPlatforms) = preSolution
		Debug|Any CPU = Debug|Any CPU
		Release|Any CPU = Release|Any CPU
	EndGlobalSection
	GlobalSection(ProjectConfigurationPlatforms) = postSolution
		{4AC546D9-7CC9-403D-BAE2-E5579876E4AF}.Debug|Any CPU.ActiveCfg = Debug|Any CPU
		{4AC546D9-7CC9-403D-BAE2-E5579876E4AF}.Debug|Any CPU.Build.0 = Debug|Any CPU
		{4AC546D9-7CC9-403D-BAE2-E5579876E4AF}.Release|Any CPU.ActiveCfg = Release|Any CPU
		{4AC546D9-7CC9-403D-BAE2-E5579876E4AF}.Release|Any CPU.Build.0 = Release|Any CPU
	EndGlobalSection
	GlobalSection(SolutionProperties) = preSolution
		HideSolutionNode = FALSE
	EndGlobalSection
	GlobalSection(ExtensibilityGlobals) = postSolution
		SolutionGuid = {52336104-DB1D-4C50-BDA0-A66D089CF94D}
	EndGlobalSection
EndGlobal
