
Microsoft Visual Studio Solution File, Format Version 12.00
# Visual Studio 15
VisualStudioVersion = 15.0.27703.2047
MinimumVisualStudioVersion = 10.0.40219.1
Project("{FAE04EC0-301F-11D3-BF4B-00C04F79EFBC}") = "uri1116", "uri1116\uri1116.csproj", "{3C0770E8-B03D-4E42-92BD-A968872DA4E1}"
EndProject
Global
	GlobalSection(SolutionConfigurationPlatforms) = preSolution
		Debug|Any CPU = Debug|Any CPU
		Release|Any CPU = Release|Any CPU
	EndGlobalSection
	GlobalSection(ProjectConfigurationPlatforms) = postSolution
		{3C0770E8-B03D-4E42-92BD-A968872DA4E1}.Debug|Any CPU.ActiveCfg = Debug|Any CPU
		{3C0770E8-B03D-4E42-92BD-A968872DA4E1}.Debug|Any CPU.Build.0 = Debug|Any CPU
		{3C0770E8-B03D-4E42-92BD-A968872DA4E1}.Release|Any CPU.ActiveCfg = Release|Any CPU
		{3C0770E8-B03D-4E42-92BD-A968872DA4E1}.Release|Any CPU.Build.0 = Release|Any CPU
	EndGlobalSection
	GlobalSection(SolutionProperties) = preSolution
		HideSolutionNode = FALSE
	EndGlobalSection
	GlobalSection(ExtensibilityGlobals) = postSolution
		SolutionGuid = {D1BE15A1-9912-43CD-BF94-0D8560273F88}
	EndGlobalSection
EndGlobal
