
Microsoft Visual Studio Solution File, Format Version 12.00
# Visual Studio 15
VisualStudioVersion = 15.0.27703.2047
MinimumVisualStudioVersion = 10.0.40219.1
Project("{FAE04EC0-301F-11D3-BF4B-00C04F79EFBC}") = "uri1073", "uri1073\uri1073.csproj", "{73CF26C1-36C7-48BC-B9CF-68D37CDA1A58}"
EndProject
Global
	GlobalSection(SolutionConfigurationPlatforms) = preSolution
		Debug|Any CPU = Debug|Any CPU
		Release|Any CPU = Release|Any CPU
	EndGlobalSection
	GlobalSection(ProjectConfigurationPlatforms) = postSolution
		{73CF26C1-36C7-48BC-B9CF-68D37CDA1A58}.Debug|Any CPU.ActiveCfg = Debug|Any CPU
		{73CF26C1-36C7-48BC-B9CF-68D37CDA1A58}.Debug|Any CPU.Build.0 = Debug|Any CPU
		{73CF26C1-36C7-48BC-B9CF-68D37CDA1A58}.Release|Any CPU.ActiveCfg = Release|Any CPU
		{73CF26C1-36C7-48BC-B9CF-68D37CDA1A58}.Release|Any CPU.Build.0 = Release|Any CPU
	EndGlobalSection
	GlobalSection(SolutionProperties) = preSolution
		HideSolutionNode = FALSE
	EndGlobalSection
	GlobalSection(ExtensibilityGlobals) = postSolution
		SolutionGuid = {B8284C19-5365-4F53-A993-40528EE13BF2}
	EndGlobalSection
EndGlobal
