
Microsoft Visual Studio Solution File, Format Version 12.00
# Visual Studio Version 16
VisualStudioVersion = 16.0.29503.13
MinimumVisualStudioVersion = 10.0.40219.1
Project("{FAE04EC0-301F-11D3-BF4B-00C04F79EFBC}") = "uri1149", "uri1149\uri1149.csproj", "{C645E503-D833-453E-9038-5B51C1BC318B}"
EndProject
Global
	GlobalSection(SolutionConfigurationPlatforms) = preSolution
		Debug|Any CPU = Debug|Any CPU
		Release|Any CPU = Release|Any CPU
	EndGlobalSection
	GlobalSection(ProjectConfigurationPlatforms) = postSolution
		{C645E503-D833-453E-9038-5B51C1BC318B}.Debug|Any CPU.ActiveCfg = Debug|Any CPU
		{C645E503-D833-453E-9038-5B51C1BC318B}.Debug|Any CPU.Build.0 = Debug|Any CPU
		{C645E503-D833-453E-9038-5B51C1BC318B}.Release|Any CPU.ActiveCfg = Release|Any CPU
		{C645E503-D833-453E-9038-5B51C1BC318B}.Release|Any CPU.Build.0 = Release|Any CPU
	EndGlobalSection
	GlobalSection(SolutionProperties) = preSolution
		HideSolutionNode = FALSE
	EndGlobalSection
	GlobalSection(ExtensibilityGlobals) = postSolution
		SolutionGuid = {6254E68C-2B02-4A98-BADB-73805E1A2E66}
	EndGlobalSection
EndGlobal
