
Microsoft Visual Studio Solution File, Format Version 12.00
# Visual Studio 15
VisualStudioVersion = 15.0.27703.2047
MinimumVisualStudioVersion = 10.0.40219.1
Project("{FAE04EC0-301F-11D3-BF4B-00C04F79EFBC}") = "uri1041", "uri1041\uri1041.csproj", "{0F5EF373-D1D1-4404-970A-3E938912EE52}"
EndProject
Global
	GlobalSection(SolutionConfigurationPlatforms) = preSolution
		Debug|Any CPU = Debug|Any CPU
		Release|Any CPU = Release|Any CPU
	EndGlobalSection
	GlobalSection(ProjectConfigurationPlatforms) = postSolution
		{0F5EF373-D1D1-4404-970A-3E938912EE52}.Debug|Any CPU.ActiveCfg = Debug|Any CPU
		{0F5EF373-D1D1-4404-970A-3E938912EE52}.Debug|Any CPU.Build.0 = Debug|Any CPU
		{0F5EF373-D1D1-4404-970A-3E938912EE52}.Release|Any CPU.ActiveCfg = Release|Any CPU
		{0F5EF373-D1D1-4404-970A-3E938912EE52}.Release|Any CPU.Build.0 = Release|Any CPU
	EndGlobalSection
	GlobalSection(SolutionProperties) = preSolution
		HideSolutionNode = FALSE
	EndGlobalSection
	GlobalSection(ExtensibilityGlobals) = postSolution
		SolutionGuid = {7B90EB97-C807-48B3-9773-A56CFD2A4B4B}
	EndGlobalSection
EndGlobal
