
Microsoft Visual Studio Solution File, Format Version 12.00
# Visual Studio 15
VisualStudioVersion = 15.0.27703.2047
MinimumVisualStudioVersion = 10.0.40219.1
Project("{FAE04EC0-301F-11D3-BF4B-00C04F79EFBC}") = "uri1065", "uri1065\uri1065.csproj", "{90BFED58-CC24-43C1-B288-B4405BFB2900}"
EndProject
Global
	GlobalSection(SolutionConfigurationPlatforms) = preSolution
		Debug|Any CPU = Debug|Any CPU
		Release|Any CPU = Release|Any CPU
	EndGlobalSection
	GlobalSection(ProjectConfigurationPlatforms) = postSolution
		{90BFED58-CC24-43C1-B288-B4405BFB2900}.Debug|Any CPU.ActiveCfg = Debug|Any CPU
		{90BFED58-CC24-43C1-B288-B4405BFB2900}.Debug|Any CPU.Build.0 = Debug|Any CPU
		{90BFED58-CC24-43C1-B288-B4405BFB2900}.Release|Any CPU.ActiveCfg = Release|Any CPU
		{90BFED58-CC24-43C1-B288-B4405BFB2900}.Release|Any CPU.Build.0 = Release|Any CPU
	EndGlobalSection
	GlobalSection(SolutionProperties) = preSolution
		HideSolutionNode = FALSE
	EndGlobalSection
	GlobalSection(ExtensibilityGlobals) = postSolution
		SolutionGuid = {9C17AE09-5F9B-450A-97D7-ECC8FFBE164D}
	EndGlobalSection
EndGlobal
