
Microsoft Visual Studio Solution File, Format Version 12.00
# Visual Studio 15
VisualStudioVersion = 15.0.27703.2047
MinimumVisualStudioVersion = 10.0.40219.1
Project("{FAE04EC0-301F-11D3-BF4B-00C04F79EFBC}") = "uri1045", "uri1045\uri1045.csproj", "{D5DA3538-3AB6-4626-91BA-AF7B3068C68C}"
EndProject
Global
	GlobalSection(SolutionConfigurationPlatforms) = preSolution
		Debug|Any CPU = Debug|Any CPU
		Release|Any CPU = Release|Any CPU
	EndGlobalSection
	GlobalSection(ProjectConfigurationPlatforms) = postSolution
		{D5DA3538-3AB6-4626-91BA-AF7B3068C68C}.Debug|Any CPU.ActiveCfg = Debug|Any CPU
		{D5DA3538-3AB6-4626-91BA-AF7B3068C68C}.Debug|Any CPU.Build.0 = Debug|Any CPU
		{D5DA3538-3AB6-4626-91BA-AF7B3068C68C}.Release|Any CPU.ActiveCfg = Release|Any CPU
		{D5DA3538-3AB6-4626-91BA-AF7B3068C68C}.Release|Any CPU.Build.0 = Release|Any CPU
	EndGlobalSection
	GlobalSection(SolutionProperties) = preSolution
		HideSolutionNode = FALSE
	EndGlobalSection
	GlobalSection(ExtensibilityGlobals) = postSolution
		SolutionGuid = {4DEE0418-E7F8-4F22-8753-B281DD82D760}
	EndGlobalSection
EndGlobal
