
Microsoft Visual Studio Solution File, Format Version 12.00
# Visual Studio 15
VisualStudioVersion = 15.0.27703.2047
MinimumVisualStudioVersion = 10.0.40219.1
Project("{FAE04EC0-301F-11D3-BF4B-00C04F79EFBC}") = "matriz3", "matriz3\matriz3.csproj", "{1DA4E390-1086-408C-8FEC-0C796B13ADE5}"
EndProject
Global
	GlobalSection(SolutionConfigurationPlatforms) = preSolution
		Debug|Any CPU = Debug|Any CPU
		Release|Any CPU = Release|Any CPU
	EndGlobalSection
	GlobalSection(ProjectConfigurationPlatforms) = postSolution
		{1DA4E390-1086-408C-8FEC-0C796B13ADE5}.Debug|Any CPU.ActiveCfg = Debug|Any CPU
		{1DA4E390-1086-408C-8FEC-0C796B13ADE5}.Debug|Any CPU.Build.0 = Debug|Any CPU
		{1DA4E390-1086-408C-8FEC-0C796B13ADE5}.Release|Any CPU.ActiveCfg = Release|Any CPU
		{1DA4E390-1086-408C-8FEC-0C796B13ADE5}.Release|Any CPU.Build.0 = Release|Any CPU
	EndGlobalSection
	GlobalSection(SolutionProperties) = preSolution
		HideSolutionNode = FALSE
	EndGlobalSection
	GlobalSection(ExtensibilityGlobals) = postSolution
		SolutionGuid = {C2728399-A76E-4053-B0B4-C499BECA1C46}
	EndGlobalSection
EndGlobal
