
Microsoft Visual Studio Solution File, Format Version 12.00
# Visual Studio 15
VisualStudioVersion = 15.0.27703.2047
MinimumVisualStudioVersion = 10.0.40219.1
Project("{FAE04EC0-301F-11D3-BF4B-00C04F79EFBC}") = "uri1015", "uri1015\uri1015.csproj", "{FB91755C-BCF8-4D83-8EB8-04F0D4CB133E}"
EndProject
Global
	GlobalSection(SolutionConfigurationPlatforms) = preSolution
		Debug|Any CPU = Debug|Any CPU
		Release|Any CPU = Release|Any CPU
	EndGlobalSection
	GlobalSection(ProjectConfigurationPlatforms) = postSolution
		{FB91755C-BCF8-4D83-8EB8-04F0D4CB133E}.Debug|Any CPU.ActiveCfg = Debug|Any CPU
		{FB91755C-BCF8-4D83-8EB8-04F0D4CB133E}.Debug|Any CPU.Build.0 = Debug|Any CPU
		{FB91755C-BCF8-4D83-8EB8-04F0D4CB133E}.Release|Any CPU.ActiveCfg = Release|Any CPU
		{FB91755C-BCF8-4D83-8EB8-04F0D4CB133E}.Release|Any CPU.Build.0 = Release|Any CPU
	EndGlobalSection
	GlobalSection(SolutionProperties) = preSolution
		HideSolutionNode = FALSE
	EndGlobalSection
	GlobalSection(ExtensibilityGlobals) = postSolution
		SolutionGuid = {D9974304-5A44-4EE7-AE58-EC3250C0C013}
	EndGlobalSection
EndGlobal
