
Microsoft Visual Studio Solution File, Format Version 12.00
# Visual Studio 15
VisualStudioVersion = 15.0.27703.2047
MinimumVisualStudioVersion = 10.0.40219.1
Project("{FAE04EC0-301F-11D3-BF4B-00C04F79EFBC}") = "uri1021", "uri1021\uri1021.csproj", "{A871FF73-3BF3-4BD8-A702-F7F6D2CD3DA0}"
EndProject
Global
	GlobalSection(SolutionConfigurationPlatforms) = preSolution
		Debug|Any CPU = Debug|Any CPU
		Release|Any CPU = Release|Any CPU
	EndGlobalSection
	GlobalSection(ProjectConfigurationPlatforms) = postSolution
		{A871FF73-3BF3-4BD8-A702-F7F6D2CD3DA0}.Debug|Any CPU.ActiveCfg = Debug|Any CPU
		{A871FF73-3BF3-4BD8-A702-F7F6D2CD3DA0}.Debug|Any CPU.Build.0 = Debug|Any CPU
		{A871FF73-3BF3-4BD8-A702-F7F6D2CD3DA0}.Release|Any CPU.ActiveCfg = Release|Any CPU
		{A871FF73-3BF3-4BD8-A702-F7F6D2CD3DA0}.Release|Any CPU.Build.0 = Release|Any CPU
	EndGlobalSection
	GlobalSection(SolutionProperties) = preSolution
		HideSolutionNode = FALSE
	EndGlobalSection
	GlobalSection(ExtensibilityGlobals) = postSolution
		SolutionGuid = {A4686624-7B7D-4D77-A1D2-D1D7DDE89386}
	EndGlobalSection
EndGlobal
