
Microsoft Visual Studio Solution File, Format Version 12.00
# Visual Studio 15
VisualStudioVersion = 15.0.27703.2047
MinimumVisualStudioVersion = 10.0.40219.1
Project("{FAE04EC0-301F-11D3-BF4B-00C04F79EFBC}") = "uri1001", "uri1001\uri1001.csproj", "{C0D30C0E-8886-42F3-B5F6-A24EBA71C6C1}"
EndProject
Global
	GlobalSection(SolutionConfigurationPlatforms) = preSolution
		Debug|Any CPU = Debug|Any CPU
		Release|Any CPU = Release|Any CPU
	EndGlobalSection
	GlobalSection(ProjectConfigurationPlatforms) = postSolution
		{C0D30C0E-8886-42F3-B5F6-A24EBA71C6C1}.Debug|Any CPU.ActiveCfg = Debug|Any CPU
		{C0D30C0E-8886-42F3-B5F6-A24EBA71C6C1}.Debug|Any CPU.Build.0 = Debug|Any CPU
		{C0D30C0E-8886-42F3-B5F6-A24EBA71C6C1}.Release|Any CPU.ActiveCfg = Release|Any CPU
		{C0D30C0E-8886-42F3-B5F6-A24EBA71C6C1}.Release|Any CPU.Build.0 = Release|Any CPU
	EndGlobalSection
	GlobalSection(SolutionProperties) = preSolution
		HideSolutionNode = FALSE
	EndGlobalSection
	GlobalSection(ExtensibilityGlobals) = postSolution
		SolutionGuid = {A242F4B6-7ABC-461F-B899-DFE226F68B0B}
	EndGlobalSection
EndGlobal
