
Microsoft Visual Studio Solution File, Format Version 12.00
# Visual Studio 15
VisualStudioVersion = 15.0.27703.2047
MinimumVisualStudioVersion = 10.0.40219.1
Project("{FAE04EC0-301F-11D3-BF4B-00C04F79EFBC}") = "uri1066", "uri1066\uri1066.csproj", "{79DD2C85-C6B6-499D-929D-53EA02841762}"
EndProject
Global
	GlobalSection(SolutionConfigurationPlatforms) = preSolution
		Debug|Any CPU = Debug|Any CPU
		Release|Any CPU = Release|Any CPU
	EndGlobalSection
	GlobalSection(ProjectConfigurationPlatforms) = postSolution
		{79DD2C85-C6B6-499D-929D-53EA02841762}.Debug|Any CPU.ActiveCfg = Debug|Any CPU
		{79DD2C85-C6B6-499D-929D-53EA02841762}.Debug|Any CPU.Build.0 = Debug|Any CPU
		{79DD2C85-C6B6-499D-929D-53EA02841762}.Release|Any CPU.ActiveCfg = Release|Any CPU
		{79DD2C85-C6B6-499D-929D-53EA02841762}.Release|Any CPU.Build.0 = Release|Any CPU
	EndGlobalSection
	GlobalSection(SolutionProperties) = preSolution
		HideSolutionNode = FALSE
	EndGlobalSection
	GlobalSection(ExtensibilityGlobals) = postSolution
		SolutionGuid = {C754610C-DC98-4F56-A13E-42061E1A483C}
	EndGlobalSection
EndGlobal
