
Microsoft Visual Studio Solution File, Format Version 12.00
# Visual Studio 15
VisualStudioVersion = 15.0.27703.2047
MinimumVisualStudioVersion = 10.0.40219.1
Project("{FAE04EC0-301F-11D3-BF4B-00C04F79EFBC}") = "uri1008", "uri1008\uri1008.csproj", "{42571037-397D-4BC9-A7F1-145E315FDB3B}"
EndProject
Global
	GlobalSection(SolutionConfigurationPlatforms) = preSolution
		Debug|Any CPU = Debug|Any CPU
		Release|Any CPU = Release|Any CPU
	EndGlobalSection
	GlobalSection(ProjectConfigurationPlatforms) = postSolution
		{42571037-397D-4BC9-A7F1-145E315FDB3B}.Debug|Any CPU.ActiveCfg = Debug|Any CPU
		{42571037-397D-4BC9-A7F1-145E315FDB3B}.Debug|Any CPU.Build.0 = Debug|Any CPU
		{42571037-397D-4BC9-A7F1-145E315FDB3B}.Release|Any CPU.ActiveCfg = Release|Any CPU
		{42571037-397D-4BC9-A7F1-145E315FDB3B}.Release|Any CPU.Build.0 = Release|Any CPU
	EndGlobalSection
	GlobalSection(SolutionProperties) = preSolution
		HideSolutionNode = FALSE
	EndGlobalSection
	GlobalSection(ExtensibilityGlobals) = postSolution
		SolutionGuid = {10C24A50-43E2-4B35-9C15-8F95A2C3D004}
	EndGlobalSection
EndGlobal
