
Microsoft Visual Studio Solution File, Format Version 12.00
# Visual Studio 15
VisualStudioVersion = 15.0.27703.2047
MinimumVisualStudioVersion = 10.0.40219.1
Project("{FAE04EC0-301F-11D3-BF4B-00C04F79EFBC}") = "uri1072", "uri1072\uri1072.csproj", "{38F62AB9-9D2E-41AD-8AB5-5E65EEEDD824}"
EndProject
Global
	GlobalSection(SolutionConfigurationPlatforms) = preSolution
		Debug|Any CPU = Debug|Any CPU
		Release|Any CPU = Release|Any CPU
	EndGlobalSection
	GlobalSection(ProjectConfigurationPlatforms) = postSolution
		{38F62AB9-9D2E-41AD-8AB5-5E65EEEDD824}.Debug|Any CPU.ActiveCfg = Debug|Any CPU
		{38F62AB9-9D2E-41AD-8AB5-5E65EEEDD824}.Debug|Any CPU.Build.0 = Debug|Any CPU
		{38F62AB9-9D2E-41AD-8AB5-5E65EEEDD824}.Release|Any CPU.ActiveCfg = Release|Any CPU
		{38F62AB9-9D2E-41AD-8AB5-5E65EEEDD824}.Release|Any CPU.Build.0 = Release|Any CPU
	EndGlobalSection
	GlobalSection(SolutionProperties) = preSolution
		HideSolutionNode = FALSE
	EndGlobalSection
	GlobalSection(ExtensibilityGlobals) = postSolution
		SolutionGuid = {7FAD2DB1-B68C-4ED4-AFD4-EE357A650F34}
	EndGlobalSection
EndGlobal
