
Microsoft Visual Studio Solution File, Format Version 12.00
# Visual Studio 15
VisualStudioVersion = 15.0.27703.2047
MinimumVisualStudioVersion = 10.0.40219.1
Project("{FAE04EC0-301F-11D3-BF4B-00C04F79EFBC}") = "vetor6", "vetor6\vetor6.csproj", "{14663389-1A5C-4BE4-AF78-0AA37CF3E186}"
EndProject
Global
	GlobalSection(SolutionConfigurationPlatforms) = preSolution
		Debug|Any CPU = Debug|Any CPU
		Release|Any CPU = Release|Any CPU
	EndGlobalSection
	GlobalSection(ProjectConfigurationPlatforms) = postSolution
		{14663389-1A5C-4BE4-AF78-0AA37CF3E186}.Debug|Any CPU.ActiveCfg = Debug|Any CPU
		{14663389-1A5C-4BE4-AF78-0AA37CF3E186}.Debug|Any CPU.Build.0 = Debug|Any CPU
		{14663389-1A5C-4BE4-AF78-0AA37CF3E186}.Release|Any CPU.ActiveCfg = Release|Any CPU
		{14663389-1A5C-4BE4-AF78-0AA37CF3E186}.Release|Any CPU.Build.0 = Release|Any CPU
	EndGlobalSection
	GlobalSection(SolutionProperties) = preSolution
		HideSolutionNode = FALSE
	EndGlobalSection
	GlobalSection(ExtensibilityGlobals) = postSolution
		SolutionGuid = {1BAEF4F2-6719-4E7E-B7C5-4006016CA028}
	EndGlobalSection
EndGlobal
