
Microsoft Visual Studio Solution File, Format Version 12.00
# Visual Studio 15
VisualStudioVersion = 15.0.27703.2047
MinimumVisualStudioVersion = 10.0.40219.1
Project("{FAE04EC0-301F-11D3-BF4B-00C04F79EFBC}") = "cond02", "cond02\cond02.csproj", "{F0D20709-1892-4AD6-9A24-D8540AD12BEF}"
EndProject
Global
	GlobalSection(SolutionConfigurationPlatforms) = preSolution
		Debug|Any CPU = Debug|Any CPU
		Release|Any CPU = Release|Any CPU
	EndGlobalSection
	GlobalSection(ProjectConfigurationPlatforms) = postSolution
		{F0D20709-1892-4AD6-9A24-D8540AD12BEF}.Debug|Any CPU.ActiveCfg = Debug|Any CPU
		{F0D20709-1892-4AD6-9A24-D8540AD12BEF}.Debug|Any CPU.Build.0 = Debug|Any CPU
		{F0D20709-1892-4AD6-9A24-D8540AD12BEF}.Release|Any CPU.ActiveCfg = Release|Any CPU
		{F0D20709-1892-4AD6-9A24-D8540AD12BEF}.Release|Any CPU.Build.0 = Release|Any CPU
	EndGlobalSection
	GlobalSection(SolutionProperties) = preSolution
		HideSolutionNode = FALSE
	EndGlobalSection
	GlobalSection(ExtensibilityGlobals) = postSolution
		SolutionGuid = {AF5FF23D-6531-4991-961F-BC6E07D0B2B5}
	EndGlobalSection
EndGlobal
