
Microsoft Visual Studio Solution File, Format Version 12.00
# Visual Studio 15
VisualStudioVersion = 15.0.27703.2047
MinimumVisualStudioVersion = 10.0.40219.1
Project("{FAE04EC0-301F-11D3-BF4B-00C04F79EFBC}") = "uri1014", "uri1014\uri1014.csproj", "{483F4C19-6661-447A-8137-43974E6BCD23}"
EndProject
Global
	GlobalSection(SolutionConfigurationPlatforms) = preSolution
		Debug|Any CPU = Debug|Any CPU
		Release|Any CPU = Release|Any CPU
	EndGlobalSection
	GlobalSection(ProjectConfigurationPlatforms) = postSolution
		{483F4C19-6661-447A-8137-43974E6BCD23}.Debug|Any CPU.ActiveCfg = Debug|Any CPU
		{483F4C19-6661-447A-8137-43974E6BCD23}.Debug|Any CPU.Build.0 = Debug|Any CPU
		{483F4C19-6661-447A-8137-43974E6BCD23}.Release|Any CPU.ActiveCfg = Release|Any CPU
		{483F4C19-6661-447A-8137-43974E6BCD23}.Release|Any CPU.Build.0 = Release|Any CPU
	EndGlobalSection
	GlobalSection(SolutionProperties) = preSolution
		HideSolutionNode = FALSE
	EndGlobalSection
	GlobalSection(ExtensibilityGlobals) = postSolution
		SolutionGuid = {3FC9FD89-9951-4B95-AF33-292080AFFB1E}
	EndGlobalSection
EndGlobal
