
Microsoft Visual Studio Solution File, Format Version 12.00
# Visual Studio Version 16
VisualStudioVersion = 16.0.29926.136
MinimumVisualStudioVersion = 10.0.40219.1
Project("{FAE04EC0-301F-11D3-BF4B-00C04F79EFBC}") = "uri1160", "uri1160\uri1160.csproj", "{FDCD195D-FA1C-447E-A4AA-C073BBAD2ACE}"
EndProject
Global
	GlobalSection(SolutionConfigurationPlatforms) = preSolution
		Debug|Any CPU = Debug|Any CPU
		Release|Any CPU = Release|Any CPU
	EndGlobalSection
	GlobalSection(ProjectConfigurationPlatforms) = postSolution
		{FDCD195D-FA1C-447E-A4AA-C073BBAD2ACE}.Debug|Any CPU.ActiveCfg = Debug|Any CPU
		{FDCD195D-FA1C-447E-A4AA-C073BBAD2ACE}.Debug|Any CPU.Build.0 = Debug|Any CPU
		{FDCD195D-FA1C-447E-A4AA-C073BBAD2ACE}.Release|Any CPU.ActiveCfg = Release|Any CPU
		{FDCD195D-FA1C-447E-A4AA-C073BBAD2ACE}.Release|Any CPU.Build.0 = Release|Any CPU
	EndGlobalSection
	GlobalSection(SolutionProperties) = preSolution
		HideSolutionNode = FALSE
	EndGlobalSection
	GlobalSection(ExtensibilityGlobals) = postSolution
		SolutionGuid = {64B9CA10-88DF-4DDA-BA51-E25380647B1B}
	EndGlobalSection
EndGlobal
