
Microsoft Visual Studio Solution File, Format Version 12.00
# Visual Studio 15
VisualStudioVersion = 15.0.27703.2047
MinimumVisualStudioVersion = 10.0.40219.1
Project("{FAE04EC0-301F-11D3-BF4B-00C04F79EFBC}") = "uri1017", "uri1017\uri1017.csproj", "{B1C16590-7B7C-4609-A9AE-0920B7B18125}"
EndProject
Global
	GlobalSection(SolutionConfigurationPlatforms) = preSolution
		Debug|Any CPU = Debug|Any CPU
		Release|Any CPU = Release|Any CPU
	EndGlobalSection
	GlobalSection(ProjectConfigurationPlatforms) = postSolution
		{B1C16590-7B7C-4609-A9AE-0920B7B18125}.Debug|Any CPU.ActiveCfg = Debug|Any CPU
		{B1C16590-7B7C-4609-A9AE-0920B7B18125}.Debug|Any CPU.Build.0 = Debug|Any CPU
		{B1C16590-7B7C-4609-A9AE-0920B7B18125}.Release|Any CPU.ActiveCfg = Release|Any CPU
		{B1C16590-7B7C-4609-A9AE-0920B7B18125}.Release|Any CPU.Build.0 = Release|Any CPU
	EndGlobalSection
	GlobalSection(SolutionProperties) = preSolution
		HideSolutionNode = FALSE
	EndGlobalSection
	GlobalSection(ExtensibilityGlobals) = postSolution
		SolutionGuid = {7C0253B1-3D48-46DA-ACF3-E02E1620CCF8}
	EndGlobalSection
EndGlobal
